
Microsoft Visual Studio Solution File, Format Version 12.00
# Visual Studio Version 17
VisualStudioVersion = 17.4.33205.214
MinimumVisualStudioVersion = 10.0.40219.1
Project("{FAE04EC0-301F-11D3-BF4B-00C04F79EFBC}") = "WebApplication.TelefonRehberi", "WebApplication.TelefonRehberi\WebApplication.TelefonRehberi.csproj", "{888082FE-2457-4606-BF83-41F63A4804BB}"
EndProject
Global
	GlobalSection(SolutionConfigurationPlatforms) = preSolution
		Debug|Any CPU = Debug|Any CPU
		Release|Any CPU = Release|Any CPU
	EndGlobalSection
	GlobalSection(ProjectConfigurationPlatforms) = postSolution
		{888082FE-2457-4606-BF83-41F63A4804BB}.Debug|Any CPU.ActiveCfg = Debug|Any CPU
		{888082FE-2457-4606-BF83-41F63A4804BB}.Debug|Any CPU.Build.0 = Debug|Any CPU
		{888082FE-2457-4606-BF83-41F63A4804BB}.Release|Any CPU.ActiveCfg = Release|Any CPU
		{888082FE-2457-4606-BF83-41F63A4804BB}.Release|Any CPU.Build.0 = Release|Any CPU
	EndGlobalSection
	GlobalSection(SolutionProperties) = preSolution
		HideSolutionNode = FALSE
	EndGlobalSection
	GlobalSection(ExtensibilityGlobals) = postSolution
		SolutionGuid = {D5E20FF7-F35B-4FBA-8FC4-650619FE1B28}
	EndGlobalSection
EndGlobal
